
Microsoft Visual Studio Solution File, Format Version 12.00
# Visual Studio Version 16
VisualStudioVersion = 16.0.31624.102
MinimumVisualStudioVersion = 10.0.40219.1
Project("{8BC9CEB8-8B4A-11D0-8D11-00A0C91BC942}") = "Pz3 oop", "Pz3 oop\Pz3 oop.vcxproj", "{872AE5F3-5D62-4E4C-BC9E-BFFF519C2CE8}"
EndProject
Global
	GlobalSection(SolutionConfigurationPlatforms) = preSolution
		Debug|x64 = Debug|x64
		Debug|x86 = Debug|x86
		Release|x64 = Release|x64
		Release|x86 = Release|x86
	EndGlobalSection
	GlobalSection(ProjectConfigurationPlatforms) = postSolution
		{872AE5F3-5D62-4E4C-BC9E-BFFF519C2CE8}.Debug|x64.ActiveCfg = Debug|x64
		{872AE5F3-5D62-4E4C-BC9E-BFFF519C2CE8}.Debug|x64.Build.0 = Debug|x64
		{872AE5F3-5D62-4E4C-BC9E-BFFF519C2CE8}.Debug|x86.ActiveCfg = Debug|Win32
		{872AE5F3-5D62-4E4C-BC9E-BFFF519C2CE8}.Debug|x86.Build.0 = Debug|Win32
		{872AE5F3-5D62-4E4C-BC9E-BFFF519C2CE8}.Release|x64.ActiveCfg = Release|x64
		{872AE5F3-5D62-4E4C-BC9E-BFFF519C2CE8}.Release|x64.Build.0 = Release|x64
		{872AE5F3-5D62-4E4C-BC9E-BFFF519C2CE8}.Release|x86.ActiveCfg = Release|Win32
		{872AE5F3-5D62-4E4C-BC9E-BFFF519C2CE8}.Release|x86.Build.0 = Release|Win32
	EndGlobalSection
	GlobalSection(SolutionProperties) = preSolution
		HideSolutionNode = FALSE
	EndGlobalSection
	GlobalSection(ExtensibilityGlobals) = postSolution
		SolutionGuid = {4668AE43-88B8-46F2-992F-5B04A51DFD59}
	EndGlobalSection
EndGlobal
